{
  "lockFileVersion": 26,
  "registryFileHashes": {},
  "selectedYankedVersions": {},
  "moduleExtensions": {
    "//tools/build/module_extensions:bazel_deps_extension.bzl%bazel_deps_extension": {
      "general": {
        "bzlTransitiveDigest": "k0HUBgPJM3RyT7FPWHrrFwno2YbsSV/PToQndMcK6vA=",
        "usagesDigest": "b4DCMb/mBUaI4hvjqeWoW1BEw7iAIloBW4cVmU6EWjc=",
        "recordedInputs": [],
        "generatedRepoSpecs": {
          "bazel_deps": {
            "repoRuleId": "@@//tools/build/repo_rules:bazel_deps.bzl%bazel_deps",
            "attributes": {
              "deps": "@@//:MODULE.bazel"
            }
          }
        }
      }
    },
    "@@container_structure_test+//:repositories.bzl%extension": {
      "general": {
        "bzlTransitiveDigest": "BvUafjrK5a/q7Dz6cHaD9UAFwqd69jAURHuKFbKqrrI=",
        "usagesDigest": "uXk1ym4ketE3OMAHoR5fUuuv8pOmi0aSyCe28koTwfA=",
        "recordedInputs": [
          "REPO_MAPPING:aspect_bazel_lib+,bazel_tools bazel_tools",
          "REPO_MAPPING:container_structure_test+,aspect_bazel_lib aspect_bazel_lib+"
        ],
        "generatedRepoSpecs": {
          "jq_darwin_amd64": {
            "repoRuleId": "@@aspect_bazel_lib+//lib/private:jq_toolchain.bzl%jq_platform_repo",
            "attributes": {
              "platform": "darwin_amd64",
              "version": "1.7"
            }
          },
          "jq_darwin_arm64": {
            "repoRuleId": "@@aspect_bazel_lib+//lib/private:jq_toolchain.bzl%jq_platform_repo",
            "attributes": {
              "platform": "darwin_arm64",
              "version": "1.7"
            }
          },
          "jq_linux_amd64": {
            "repoRuleId": "@@aspect_bazel_lib+//lib/private:jq_toolchain.bzl%jq_platform_repo",
            "attributes": {
              "platform": "linux_amd64",
              "version": "1.7"
            }
          },
          "jq_linux_arm64": {
            "repoRuleId": "@@aspect_bazel_lib+//lib/private:jq_toolchain.bzl%jq_platform_repo",
            "attributes": {
              "platform": "linux_arm64",
              "version": "1.7"
            }
          },
          "jq_windows_amd64": {
            "repoRuleId": "@@aspect_bazel_lib+//lib/private:jq_toolchain.bzl%jq_platform_repo",
            "attributes": {
              "platform": "windows_amd64",
              "version": "1.7"
            }
          },
          "jq": {
            "repoRuleId": "@@aspect_bazel_lib+//lib/private:jq_toolchain.bzl%jq_host_alias_repo",
            "attributes": {}
          },
          "jq_toolchains": {
            "repoRuleId": "@@aspect_bazel_lib+//lib/private:jq_toolchain.bzl%jq_toolchains_repo",
            "attributes": {
              "user_repository_name": "jq"
            }
          },
          "structure_test_st_darwin_amd64": {
            "repoRuleId": "@@container_structure_test+//:repositories.bzl%structure_test_repositories",
            "attributes": {
              "platform": "darwin_amd64"
            }
          },
          "structure_test_st_darwin_arm64": {
            "repoRuleId": "@@container_structure_test+//:repositories.bzl%structure_test_repositories",
            "attributes": {
              "platform": "darwin_arm64"
            }
          },
          "structure_test_st_linux_arm64": {
            "repoRuleId": "@@container_structure_test+//:repositories.bzl%structure_test_repositories",
            "attributes": {
              "platform": "linux_arm64"
            }
          },
          "structure_test_st_linux_s390x": {
            "repoRuleId": "@@container_structure_test+//:repositories.bzl%structure_test_repositories",
            "attributes": {
              "platform": "linux_s390x"
            }
          },
          "structure_test_st_linux_amd64": {
            "repoRuleId": "@@container_structure_test+//:repositories.bzl%structure_test_repositories",
            "attributes": {
              "platform": "linux_amd64"
            }
          },
          "structure_test_st_windows_amd64": {
            "repoRuleId": "@@container_structure_test+//:repositories.bzl%structure_test_repositories",
            "attributes": {
              "platform": "windows_amd64"
            }
          },
          "structure_test_toolchains": {
            "repoRuleId": "@@container_structure_test+//bazel:toolchains_repo.bzl%toolchains_repo",
            "attributes": {
              "toolchain_type": "@container_structure_test//bazel:structure_test_toolchain_type",
              "toolchain": "@structure_test_st_{platform}//:structure_test_toolchain"
            }
          }
        }
      }
    },
    "@@protobuf+//python/dist:system_python.bzl%system_python_extension": {
      "general": {
        "bzlTransitiveDigest": "qh0n9IrXU/xS94wxKQrG1J63zrLkA1Wy2Y3BQxptPcI=",
        "usagesDigest": "AF5a9lHFrJtHw1GTt3jJOs7ZYl1+N2bkn1LbPFLoguA=",
        "recordedInputs": [],
        "generatedRepoSpecs": {
          "system_python": {
            "repoRuleId": "@@protobuf+//python/dist:system_python.bzl%system_python",
            "attributes": {
              "minimum_python_version": "3.9"
            }
          }
        }
      }
    },
    "@@rules_android+//bzlmod_extensions:apksig.bzl%apksig_extension": {
      "general": {
        "bzlTransitiveDigest": "KrgiB8lWxqVdbipL9YIYOuGjS80xlZIM/EBvUg8SVd0=",
        "usagesDigest": "zr/niBQ/s2fHozWAsg4vI70wAxcuFjG+QtM15qGkq9o=",
        "recordedInputs": [
          "REPO_MAPPING:rules_android+,bazel_tools bazel_tools"
        ],
        "generatedRepoSpecs": {
          "apksig": {
            "repoRuleId": "@@bazel_tools//tools/build_defs/repo:http.bzl%http_archive",
            "attributes": {
              "url": "https://android.googlesource.com/platform/tools/apksig/+archive/24e3075e68ebe17c0b529bb24bfda819db5e2f3b.tar.gz",
              "build_file": "@@rules_android+//bzlmod_extensions:apksig.BUILD"
            }
          }
        }
      }
    },
    "@@rules_android+//bzlmod_extensions:com_android_dex.bzl%com_android_dex_extension": {
      "general": {
        "bzlTransitiveDigest": "WYXjwqaZbEnV+ZWsKE3oDMpF5XVw8hxzet83NtyT8TM=",
        "usagesDigest": "c1Y/KGGjUYCyd8zNIVTUh1bynVXRFz6xGKaSCBpQANM=",
        "recordedInputs": [
          "REPO_MAPPING:rules_android+,bazel_tools bazel_tools"
        ],
        "generatedRepoSpecs": {
          "com_android_dex": {
            "repoRuleId": "@@bazel_tools//tools/build_defs/repo:http.bzl%http_archive",
            "attributes": {
              "url": "https://android.googlesource.com/platform/dalvik/+archive/5a81c499a569731e2395f7c8d13c0e0d4e17a2b6.tar.gz",
              "build_file": "@@rules_android+//bzlmod_extensions:com_android_dex.BUILD"
            }
          }
        }
      }
    },
    "@@rules_android+//rules/android_sdk_repository:rule.bzl%android_sdk_repository_extension": {
      "general": {
        "bzlTransitiveDigest": "+rMrzIrv7sImYmkbXJYv+gFpTJQ79X3MpwwMLI2A+oA=",
        "usagesDigest": "iEGI2aNDMkHt9LXCdViLNUUOslpiVj2DrevWWXZEFnU=",
        "recordedInputs": [],
        "generatedRepoSpecs": {
          "androidsdk": {
            "repoRuleId": "@@rules_android+//rules/android_sdk_repository:rule.bzl%_android_sdk_repository",
            "attributes": {}
          }
        }
      }
    },
    "@@rules_python+//python/uv:uv.bzl%uv": {
      "general": {
        "bzlTransitiveDigest": "yG9F6L2IZXKRbD/aIUa6sU7uITLUTBKOMWPbIvl1VdM=",
        "usagesDigest": "6MjoD3H+netDdhklgMWks3NARpHVXxy8kfsMe9XXPa8=",
        "recordedInputs": [
          "REPO_MAPPING:rules_python+,bazel_tools bazel_tools",
          "REPO_MAPPING:rules_python+,platforms platforms"
        ],
        "generatedRepoSpecs": {
          "uv": {
            "repoRuleId": "@@rules_python+//python/uv/private:uv_toolchains_repo.bzl%uv_toolchains_repo",
            "attributes": {
              "toolchain_type": "'@@rules_python+//python/uv:uv_toolchain_type'",
              "toolchain_names": [
                "none"
              ],
              "toolchain_implementations": {
                "none": "'@@rules_python+//python:none'"
              },
              "toolchain_compatible_with": {
                "none": [
                  "@platforms//:incompatible"
                ]
              },
              "toolchain_target_settings": {}
            }
          }
        }
      }
    },
    "@@rules_rust+//crate_universe/private:internal_extensions.bzl%cu_nr": {
      "general": {
        "bzlTransitiveDigest": "n8KTLELiL6o/HO/n4ntwXHA1fGj/3dOmy085IoEfk5Y=",
        "usagesDigest": "tG3p3Nb5XxC7vWY/bcKdb//g0HoAxpxxH3F5/jBVlk4=",
        "recordedInputs": [
          "REPO_MAPPING:bazel_features+,bazel_features_globals bazel_features++version_extension+bazel_features_globals",
          "REPO_MAPPING:bazel_features+,bazel_features_version bazel_features++version_extension+bazel_features_version",
          "REPO_MAPPING:rules_cc+,bazel_skylib bazel_skylib+",
          "REPO_MAPPING:rules_cc+,bazel_tools bazel_tools",
          "REPO_MAPPING:rules_cc+,cc_compatibility_proxy rules_cc++compatibility_proxy+cc_compatibility_proxy",
          "REPO_MAPPING:rules_cc+,platforms platforms",
          "REPO_MAPPING:rules_cc+,rules_cc rules_cc+",
          "REPO_MAPPING:rules_cc++compatibility_proxy+cc_compatibility_proxy,rules_cc rules_cc+",
          "REPO_MAPPING:rules_rust+,bazel_features bazel_features+",
          "REPO_MAPPING:rules_rust+,bazel_skylib bazel_skylib+",
          "REPO_MAPPING:rules_rust+,bazel_tools bazel_tools",
          "REPO_MAPPING:rules_rust+,cui rules_rust++cu+cui",
          "REPO_MAPPING:rules_rust+,rrc rules_rust++i2+rrc",
          "REPO_MAPPING:rules_rust+,rules_cc rules_cc+",
          "REPO_MAPPING:rules_rust+,rules_rust rules_rust+"
        ],
        "generatedRepoSpecs": {
          "cargo_bazel_bootstrap": {
            "repoRuleId": "@@rules_rust+//cargo/private:cargo_bootstrap.bzl%cargo_bootstrap_repository",
            "attributes": {
              "srcs": [
                "@@rules_rust+//crate_universe:src/api.rs",
                "@@rules_rust+//crate_universe:src/api/lockfile.rs",
                "@@rules_rust+//crate_universe:src/cli.rs",
                "@@rules_rust+//crate_universe:src/cli/generate.rs",
                "@@rules_rust+//crate_universe:src/cli/query.rs",
                "@@rules_rust+//crate_universe:src/cli/render.rs",
                "@@rules_rust+//crate_universe:src/cli/splice.rs",
                "@@rules_rust+//crate_universe:src/cli/vendor.rs",
                "@@rules_rust+//crate_universe:src/config.rs",
                "@@rules_rust+//crate_universe:src/context.rs",
                "@@rules_rust+//crate_universe:src/context/crate_context.rs",
                "@@rules_rust+//crate_universe:src/context/platforms.rs",
                "@@rules_rust+//crate_universe:src/lib.rs",
                "@@rules_rust+//crate_universe:src/lockfile.rs",
                "@@rules_rust+//crate_universe:src/main.rs",
                "@@rules_rust+//crate_universe:src/metadata.rs",
                "@@rules_rust+//crate_universe:src/metadata/cargo_bin.rs",
                "@@rules_rust+//crate_universe:src/metadata/cargo_tree_resolver.rs",
                "@@rules_rust+//crate_universe:src/metadata/cargo_tree_rustc_wrapper.bat",
                "@@rules_rust+//crate_universe:src/metadata/cargo_tree_rustc_wrapper.sh",
                "@@rules_rust+//crate_universe:src/metadata/dependency.rs",
                "@@rules_rust+//crate_universe:src/metadata/metadata_annotation.rs",
                "@@rules_rust+//crate_universe:src/rendering.rs",
                "@@rules_rust+//crate_universe:src/rendering/template_engine.rs",
                "@@rules_rust+//crate_universe:src/rendering/templates/module_bzl.j2",
                "@@rules_rust+//crate_universe:src/rendering/templates/partials/header.j2",
                "@@rules_rust+//crate_universe:src/rendering/templates/partials/module/aliases_map.j2",
                "@@rules_rust+//crate_universe:src/rendering/templates/partials/module/deps_map.j2",
                "@@rules_rust+//crate_universe:src/rendering/templates/partials/module/repo_git.j2",
                "@@rules_rust+//crate_universe:src/rendering/templates/partials/module/repo_http.j2",
                "@@rules_rust+//crate_universe:src/rendering/templates/vendor_module.j2",
                "@@rules_rust+//crate_universe:src/rendering/verbatim/alias_rules.bzl",
                "@@rules_rust+//crate_universe:src/select.rs",
                "@@rules_rust+//crate_universe:src/splicing.rs",
                "@@rules_rust+//crate_universe:src/splicing/cargo_config.rs",
                "@@rules_rust+//crate_universe:src/splicing/crate_index_lookup.rs",
                "@@rules_rust+//crate_universe:src/splicing/splicer.rs",
                "@@rules_rust+//crate_universe:src/test.rs",
                "@@rules_rust+//crate_universe:src/utils.rs",
                "@@rules_rust+//crate_universe:src/utils/starlark.rs",
                "@@rules_rust+//crate_universe:src/utils/starlark/glob.rs",
                "@@rules_rust+//crate_universe:src/utils/starlark/label.rs",
                "@@rules_rust+//crate_universe:src/utils/starlark/select.rs",
                "@@rules_rust+//crate_universe:src/utils/starlark/select_dict.rs",
                "@@rules_rust+//crate_universe:src/utils/starlark/select_list.rs",
                "@@rules_rust+//crate_universe:src/utils/starlark/select_scalar.rs",
                "@@rules_rust+//crate_universe:src/utils/starlark/select_set.rs",
                "@@rules_rust+//crate_universe:src/utils/starlark/serialize.rs",
                "@@rules_rust+//crate_universe:src/utils/starlark/target_compatible_with.rs",
                "@@rules_rust+//crate_universe:src/utils/symlink.rs",
                "@@rules_rust+//crate_universe:src/utils/target_triple.rs"
              ],
              "binary": "cargo-bazel",
              "cargo_lockfile": "@@rules_rust+//crate_universe:Cargo.lock",
              "cargo_toml": "@@rules_rust+//crate_universe:Cargo.toml",
              "version": "1.93.1",
              "timeout": 900,
              "rust_toolchain_cargo_template": "@rust_host_tools//:bin/{tool}",
              "rust_toolchain_rustc_template": "@rust_host_tools//:bin/{tool}",
              "compressed_windows_toolchain_names": false
            }
          }
        },
        "moduleExtensionMetadata": {
          "explicitRootModuleDirectDeps": [
            "cargo_bazel_bootstrap"
          ],
          "explicitRootModuleDirectDevDeps": [],
          "useAllRepos": "NO",
          "reproducible": false
        }
      }
    }
  },
  "facts": {
    "@@rules_go+//go:extensions.bzl%go_sdk": {
      "1.22.4": {
        "aix_ppc64": [
          "go1.22.4.aix-ppc64.tar.gz",
          "b9647fa9fc83a0cc5d4f092a19eaeaecf45f063a5aa7d4962fde65aeb7ae6ce1"
        ],
        "darwin_amd64": [
          "go1.22.4.darwin-amd64.tar.gz",
          "c95967f50aa4ace34af0c236cbdb49a9a3e80ee2ad09d85775cb4462a5c19ed3"
        ],
        "darwin_arm64": [
          "go1.22.4.darwin-arm64.tar.gz",
          "242b78dc4c8f3d5435d28a0d2cec9b4c1aa999b601fb8aa59fb4e5a1364bf827"
        ],
        "dragonfly_amd64": [
          "go1.22.4.dragonfly-amd64.tar.gz",
          "f2fbb51af4719d3616efb482d6ed2b96579b474156f85a7ddc6f126764feec4b"
        ],
        "freebsd_386": [
          "go1.22.4.freebsd-386.tar.gz",
          "7c54884bb9f274884651d41e61d1bc12738863ad1497e97ea19ad0e9aa6bf7b5"
        ],
        "freebsd_amd64": [
          "go1.22.4.freebsd-amd64.tar.gz",
          "88d44500e1701dd35797619774d6dd51bf60f45a8338b0a82ddc018e4e63fb78"
        ],
        "freebsd_arm64": [
          "go1.22.4.freebsd-arm64.tar.gz",
          "726dc093cf020277be45debf03c3b02b43c2efb3e2a5d4fba8f52579d65327dc"
        ],
        "freebsd_armv6l": [
          "go1.22.4.freebsd-arm.tar.gz",
          "3d9efe47db142a22679aba46b1772e3900b0d87ae13bd2b3bc80dbf2ac0b2cd6"
        ],
        "freebsd_riscv64": [
          "go1.22.4.freebsd-riscv64.tar.gz",
          "5f6b67e5e32f1d6ccb2d4dcb44934a5e2e870a877ba7443d86ec43cfc28afa71"
        ],
        "illumos_amd64": [
          "go1.22.4.illumos-amd64.tar.gz",
          "d56ecc2f85b6418a21ef83879594d0c42ab4f65391a676bb12254870e6690d63"
        ],
        "linux_386": [
          "go1.22.4.linux-386.tar.gz",
          "47a2a8d249a91eb8605c33bceec63aedda0441a43eac47b4721e3975ff916cec"
        ],
        "linux_amd64": [
          "go1.22.4.linux-amd64.tar.gz",
          "ba79d4526102575196273416239cca418a651e049c2b099f3159db85e7bade7d"
        ],
        "linux_arm64": [
          "go1.22.4.linux-arm64.tar.gz",
          "a8e177c354d2e4a1b61020aca3562e27ea3e8f8247eca3170e3fa1e0c2f9e771"
        ],
        "linux_armv6l": [
          "go1.22.4.linux-armv6l.tar.gz",
          "e2b143fbacbc9cbd448e9ef41ac3981f0488ce849af1cf37e2341d09670661de"
        ],
        "linux_loong64": [
          "go1.22.4.linux-loong64.tar.gz",
          "e2ff9436e4b34bf6926b06d97916e26d67a909a2effec17967245900f0816f1d"
        ],
        "linux_mips": [
          "go1.22.4.linux-mips.tar.gz",
          "73f0dcc60458c4770593b05a7bc01cc0d31fc98f948c0c2334812c7a1f2fc3f1"
        ],
        "linux_mips64": [
          "go1.22.4.linux-mips64.tar.gz",
          "417af97fc2630a647052375768be4c38adcc5af946352ea5b28613ea81ca5d45"
        ],
        "linux_mips64le": [
          "go1.22.4.linux-mips64le.tar.gz",
          "7486e2d7dd8c98eb44df815ace35a7fe7f30b7c02326e3741bd934077508139b"
        ],
        "linux_mipsle": [
          "go1.22.4.linux-mipsle.tar.gz",
          "69479c8aad301e459a8365b40cad1074a0dbba5defb9291669f94809c4c4be6e"
        ],
        "linux_ppc64": [
          "go1.22.4.linux-ppc64.tar.gz",
          "dd238847e65bc3e2745caca475a5db6522a2fcf85cf6c38fc36a06642b19efd7"
        ],
        "linux_ppc64le": [
          "go1.22.4.linux-ppc64le.tar.gz",
          "a3e5834657ef92523f570f798fed42f1f87bc18222a16815ec76b84169649ec4"
        ],
        "linux_riscv64": [
          "go1.22.4.linux-riscv64.tar.gz",
          "56a827ff7dc6245bcd7a1e9288dffaa1d8b0fd7468562264c1523daf3b4f1b4a"
        ],
        "linux_s390x": [
          "go1.22.4.linux-s390x.tar.gz",
          "7590c3e278e2dc6040aae0a39da3ca1eb2e3921673a7304cc34d588c45889eec"
        ],
        "netbsd_386": [
          "go1.22.4.netbsd-386.tar.gz",
          "ddd2eebe34471a2502de6c5dad04ab27c9fc80cbde7a9ad5b3c66ecec4504e1d"
        ],
        "netbsd_amd64": [
          "go1.22.4.netbsd-amd64.tar.gz",
          "33af79f6f935f6fbacc5d23876450b3567b79348fc065beef8e64081127dd234"
        ],
        "netbsd_arm64": [
          "go1.22.4.netbsd-arm64.tar.gz",
          "c9a2971dec9f6d320c6f2b049b2353c6d0a2d35e87b8a4b2d78a2f0d62545f8e"
        ],
        "netbsd_armv6l": [
          "go1.22.4.netbsd-arm.tar.gz",
          "fa3550ebd5375a70b3bcd342b5a71f4bd271dcbbfaf4eabefa2144ab5d8924b6"
        ],
        "openbsd_386": [
          "go1.22.4.openbsd-386.tar.gz",
          "d21af022331bfdc2b5b161d616c3a1a4573d33cf7a30416ee509a8f3641deb47"
        ],
        "openbsd_amd64": [
          "go1.22.4.openbsd-amd64.tar.gz",
          "72c0094c43f7e5722ec49c2a3e9dfa7a1123ac43a5f3a63eecf3e3795d3ff0ae"
        ],
        "openbsd_arm64": [
          "go1.22.4.openbsd-arm64.tar.gz",
          "a7ab8d4e0b02bf06ed144ba42c61c0e93ee00f2b433415dfd4ad4b6e79f31650"
        ],
        "openbsd_armv6l": [
          "go1.22.4.openbsd-arm.tar.gz",
          "1096831ea3c5ea3ca57d14251d9eda3786889531eb40d7d6775dcaa324d4b065"
        ],
        "openbsd_ppc64": [
          "go1.22.4.openbsd-ppc64.tar.gz",
          "9716327c8a628358798898dc5148c49dbbeb5196bf2cbf088e550721a6e4f60b"
        ],
        "plan9_386": [
          "go1.22.4.plan9-386.tar.gz",
          "a8dd4503c95c32a502a616ab78870a19889c9325fe9bd31eb16dd69346e4bfa8"
        ],
        "plan9_amd64": [
          "go1.22.4.plan9-amd64.tar.gz",
          "5423a25808d76fe5aca8607a2e5ac5673abf45446b168cb5e9d8519ee9fe39a1"
        ],
        "plan9_armv6l": [
          "go1.22.4.plan9-arm.tar.gz",
          "6af939ad583f5c85c09c53728ab7d38c3cc2b39167562d6c18a07c5c6608b370"
        ],
        "solaris_amd64": [
          "go1.22.4.solaris-amd64.tar.gz",
          "e8cabe69c03085725afdb32a6f9998191a3e55a747b270d835fd05000d56abba"
        ],
        "windows_386": [
          "go1.22.4.windows-386.zip",
          "aca4e2c37278a10f1c70dd0df142f7d66b50334fcee48978d409202d308d6d25"
        ],
        "windows_amd64": [
          "go1.22.4.windows-amd64.zip",
          "26321c4d945a0035d8a5bc4a1965b0df401ff8ceac66ce2daadabf9030419a98"
        ],
        "windows_arm64": [
          "go1.22.4.windows-arm64.zip",
          "8a2daa9ea28cbdafddc6171aefed384f4e5b6e714fb52116fe9ed25a132f37ed"
        ],
        "windows_armv6l": [
          "go1.22.4.windows-arm.zip",
          "5fcd0671a49cecf39b41021621ee1b6e7aa1370f37122b72e80d4fd4185833b6"
        ]
      },
      "1.24.6": {
        "aix_ppc64": [
          "go1.24.6.aix-ppc64.tar.gz",
          "5cafb2927af95969fc3d0884be1ad4df54f19103d86dda928d9f76494a5ae6a6"
        ],
        "darwin_amd64": [
          "go1.24.6.darwin-amd64.tar.gz",
          "4a8d7a32052f223e71faab424a69430455b27b3fff5f4e651f9d97c3e51a8746"
        ],
        "darwin_arm64": [
          "go1.24.6.darwin-arm64.tar.gz",
          "4e29202c49573b953be7cc3500e1f8d9e66ddd12faa8cf0939a4951411e09a2a"
        ],
        "dragonfly_amd64": [
          "go1.24.6.dragonfly-amd64.tar.gz",
          "c6e21bf8347f7a1c653dd4136c8c27a858515e98501d2843023a4bb3f1f7fb63"
        ],
        "freebsd_386": [
          "go1.24.6.freebsd-386.tar.gz",
          "9cd74ad74f3ad833e92529f2fd9b0d7d9ffaab46307eccadb0afcf9a1ba09553"
        ],
        "freebsd_amd64": [
          "go1.24.6.freebsd-amd64.tar.gz",
          "4983e2b10ae1f754e4eb07e1e589691c7e1d0dc428a92c16bd0e2ba03cc23ed9"
        ],
        "freebsd_arm": [
          "go1.24.6.freebsd-arm.tar.gz",
          "a8da621d8282a91ee17b257a46f2606391c019cc1a7d7be628638792ca8033ad"
        ],
        "freebsd_arm64": [
          "go1.24.6.freebsd-arm64.tar.gz",
          "76a75ad5125217c268029c0ad9c7295cc7f6042fe9cba4bebf9a89f7f42ad8af"
        ],
        "freebsd_riscv64": [
          "go1.24.6.freebsd-riscv64.tar.gz",
          "ac206417d8460662f26d46dc2ad0488b2f9e22039946069ba4b48a0cb646e8b0"
        ],
        "illumos_amd64": [
          "go1.24.6.illumos-amd64.tar.gz",
          "c54199c46ec823c857c52335f859b493593433d71fe479b9e7f95d868a144ae2"
        ],
        "linux_386": [
          "go1.24.6.linux-386.tar.gz",
          "bb5bf69d75e7edbc93339824753a1a4655a928451a2c5e13ff90959ad69e065b"
        ],
        "linux_amd64": [
          "go1.24.6.linux-amd64.tar.gz",
          "bbca37cc395c974ffa4893ee35819ad23ebb27426df87af92e93a9ec66ef8712"
        ],
        "linux_arm64": [
          "go1.24.6.linux-arm64.tar.gz",
          "124ea6033a8bf98aa9fbab53e58d134905262d45a022af3a90b73320f3c3afd5"
        ],
        "linux_armv6l": [
          "go1.24.6.linux-armv6l.tar.gz",
          "7feb4d25f5e72f94fda81c99d4adb6630dfa2c35211e0819417d53af6e71809e"
        ],
        "linux_loong64": [
          "go1.24.6.linux-loong64.tar.gz",
          "8424d9c52b254255d2720769366af73802747e4eaf339c6e86bb52e5a1809fcb"
        ],
        "linux_mips": [
          "go1.24.6.linux-mips.tar.gz",
          "791964a6ce65f604a2099b7e61f71128cc7a3a4fcee858218d2ce99033fc2b09"
        ],
        "linux_mips64": [
          "go1.24.6.linux-mips64.tar.gz",
          "2f5282fdf2eaca44515728d518caec888b0dc4948effecb8e7f2ddff1ff9aa9e"
        ],
        "linux_mips64le": [
          "go1.24.6.linux-mips64le.tar.gz",
          "64ddc6b28907b4ab997f2d81c226be403511a59a6100536560af26ccfb10b4a4"
        ],
        "linux_mipsle": [
          "go1.24.6.linux-mipsle.tar.gz",
          "5ca12d2d4939dea977100e76885f4e08cd3ef3b73823853527b58ecac4598fd3"
        ],
        "linux_ppc64": [
          "go1.24.6.linux-ppc64.tar.gz",
          "9a4a61ffbba7a58b3ef97a6d3b2b394168f613f9ca6092016981a88c78a57f86"
        ],
        "linux_ppc64le": [
          "go1.24.6.linux-ppc64le.tar.gz",
          "63fc9559a3d6dfd63aa902f714375b879bbc848466181c035c122489b9646e27"
        ],
        "linux_riscv64": [
          "go1.24.6.linux-riscv64.tar.gz",
          "e92c19ff15a9004fe43e1f62d433555250ef9fe3fabee3dc29ebd4802c2b8021"
        ],
        "linux_s390x": [
          "go1.24.6.linux-s390x.tar.gz",
          "4cde28d9ffb6eef86bf8dac6852a45db335009f67e60bee3e477dd0ba0ff9704"
        ],
        "netbsd_386": [
          "go1.24.6.netbsd-386.tar.gz",
          "d238045676104d2aaad9da53c4ba3f489cf81b26d3315d2caad2b6e240664423"
        ],
        "netbsd_amd64": [
          "go1.24.6.netbsd-amd64.tar.gz",
          "9f8a9245cf146f1ebdac6785f71646c3dd0edf07dcdb8e5a8df85ec6447e5308"
        ],
        "netbsd_arm": [
          "go1.24.6.netbsd-arm.tar.gz",
          "2359c8af6b2d6979910060478a57fd216824682e0908ea1a4412ea8dc4a55db7"
        ],
        "netbsd_arm64": [
          "go1.24.6.netbsd-arm64.tar.gz",
          "99101158c796997ec85023d395c133fa90c782bd5faa56f8c3824817d28b0ee8"
        ],
        "openbsd_386": [
          "go1.24.6.openbsd-386.tar.gz",
          "b6193420489f24d5560b87ccb38caf52cecb308d892d99bf21d1ef0d2c99de04"
        ],
        "openbsd_amd64": [
          "go1.24.6.openbsd-amd64.tar.gz",
          "8dc0d94afbc65be9cafebe543b88a841dcf3429e50f668ea714200ef9f4489bd"
        ],
        "openbsd_arm": [
          "go1.24.6.openbsd-arm.tar.gz",
          "c29563d14d8e4b5fa89f130afac40abba7a1ee1e87fcc759a95f1e9b5831bf68"
        ],
        "openbsd_arm64": [
          "go1.24.6.openbsd-arm64.tar.gz",
          "3d97bdc5e1997cccfaa398242c52e8a97d3b626d988a65248bbdbf2f1ab188bf"
        ],
        "openbsd_ppc64": [
          "go1.24.6.openbsd-ppc64.tar.gz",
          "54cf517933db0bff58f3e527e7fa194f505d562c71b1fb0050d3365fcdda4914"
        ],
        "openbsd_riscv64": [
          "go1.24.6.openbsd-riscv64.tar.gz",
          "f7bdd8f882ecbc01ff6c1782ce3e29298445dd99b3dd4299423257df307c7b0d"
        ],
        "plan9_386": [
          "go1.24.6.plan9-386.tar.gz",
          "9bc0a801dc0d8d0705ac9493219b926b2e3c0105b8921c6c2fce69d14c4b9007"
        ],
        "plan9_amd64": [
          "go1.24.6.plan9-amd64.tar.gz",
          "7133c28acc277d3c5e8317fd9454b3a0902138c384466f818644b504b8b89ffe"
        ],
        "plan9_arm": [
          "go1.24.6.plan9-arm.tar.gz",
          "c4e2aa8aa4353f75fc083ca728b73917467cef88c6f5f917ca420578672c6d58"
        ],
        "solaris_amd64": [
          "go1.24.6.solaris-amd64.tar.gz",
          "cfcb4f1f7e987c6dee893c4401546516cc271c1ac7d7fb37a32b25343dc7df32"
        ],
        "windows_386": [
          "go1.24.6.windows-386.zip",
          "39b4d31b933d2f7c8913e70fb0fffef27252e441c386eac5c13632cbb28dfb6e"
        ],
        "windows_amd64": [
          "go1.24.6.windows-amd64.zip",
          "4fbc8af2cfca9e5059019b5150a426eb78e1e57718bf08f0e52b1c942a2782bf"
        ],
        "windows_arm64": [
          "go1.24.6.windows-arm64.zip",
          "45c41b237d00e92e4cf8adce11b4c5258048b47a92bfbb1f4ef3b928d6fcb0b2"
        ]
      },
      "1.25.0": {
        "aix_ppc64": [
          "go1.25.0.aix-ppc64.tar.gz",
          "e5234a7dac67bc86c528fe9752fc9d63557918627707a733ab4cac1a6faed2d4"
        ],
        "darwin_amd64": [
          "go1.25.0.darwin-amd64.tar.gz",
          "5bd60e823037062c2307c71e8111809865116714d6f6b410597cf5075dfd80ef"
        ],
        "darwin_arm64": [
          "go1.25.0.darwin-arm64.tar.gz",
          "544932844156d8172f7a28f77f2ac9c15a23046698b6243f633b0a0b00c0749c"
        ],
        "dragonfly_amd64": [
          "go1.25.0.dragonfly-amd64.tar.gz",
          "5ed3cf9a810a1483822538674f1336c06b51aa1b94d6d545a1a0319a48177120"
        ],
        "freebsd_386": [
          "go1.25.0.freebsd-386.tar.gz",
          "abea5d5c6697e6b5c224731f2158fe87c602996a2a233ac0c4730cd57bf8374e"
        ],
        "freebsd_amd64": [
          "go1.25.0.freebsd-amd64.tar.gz",
          "86e6fe0a29698d7601c4442052dac48bd58d532c51cccb8f1917df648138730b"
        ],
        "freebsd_arm": [
          "go1.25.0.freebsd-arm.tar.gz",
          "d90b78e41921f72f30e8bbc81d9dec2cff7ff384a33d8d8debb24053e4336bfe"
        ],
        "freebsd_arm64": [
          "go1.25.0.freebsd-arm64.tar.gz",
          "451d0da1affd886bfb291b7c63a6018527b269505db21ce6e14724f22ab0662e"
        ],
        "freebsd_riscv64": [
          "go1.25.0.freebsd-riscv64.tar.gz",
          "7b565f76bd8bda46549eeaaefe0e53b251e644c230577290c0f66b1ecdb3cdbe"
        ],
        "illumos_amd64": [
          "go1.25.0.illumos-amd64.tar.gz",
          "b1e1fdaab1ad25aa1c08d7a36c97d45d74b98b89c3f78c6d2145f77face54a2c"
        ],
        "linux_386": [
          "go1.25.0.linux-386.tar.gz",
          "8c602dd9d99bc9453b3995d20ce4baf382cc50855900a0ece5de9929df4a993a"
        ],
        "linux_amd64": [
          "go1.25.0.linux-amd64.tar.gz",
          "2852af0cb20a13139b3448992e69b868e50ed0f8a1e5940ee1de9e19a123b613"
        ],
        "linux_arm64": [
          "go1.25.0.linux-arm64.tar.gz",
          "05de75d6994a2783699815ee553bd5a9327d8b79991de36e38b66862782f54ae"
        ],
        "linux_armv6l": [
          "go1.25.0.linux-armv6l.tar.gz",
          "a5a8f8198fcf00e1e485b8ecef9ee020778bf32a408a4e8873371bfce458cd09"
        ],
        "linux_loong64": [
          "go1.25.0.linux-loong64.tar.gz",
          "cab86b1cf761b1cb3bac86a8877cfc92e7b036fc0d3084123d77013d61432afc"
        ],
        "linux_mips": [
          "go1.25.0.linux-mips.tar.gz",
          "d66b6fb74c3d91b9829dc95ec10ca1f047ef5e89332152f92e136cf0e2da5be1"
        ],
        "linux_mips64": [
          "go1.25.0.linux-mips64.tar.gz",
          "4082e4381a8661bc2a839ff94ba3daf4f6cde20f8fb771b5b3d4762dc84198a2"
        ],
        "linux_mips64le": [
          "go1.25.0.linux-mips64le.tar.gz",
          "70002c299ec7f7175ac2ef673b1b347eecfa54ae11f34416a6053c17f855afcc"
        ],
        "linux_mipsle": [
          "go1.25.0.linux-mipsle.tar.gz",
          "b00a3a39eff099f6df9f1c7355bf28e4589d0586f42d7d4a394efb763d145a73"
        ],
        "linux_ppc64": [
          "go1.25.0.linux-ppc64.tar.gz",
          "df166f33bd98160662560a72ff0b4ba731f969a80f088922bddcf566a88c1ec1"
        ],
        "linux_ppc64le": [
          "go1.25.0.linux-ppc64le.tar.gz",
          "0f18a89e7576cf2c5fa0b487a1635d9bcbf843df5f110e9982c64df52a983ad0"
        ],
        "linux_riscv64": [
          "go1.25.0.linux-riscv64.tar.gz",
          "c018ff74a2c48d55c8ca9b07c8e24163558ffec8bea08b326d6336905d956b67"
        ],
        "linux_s390x": [
          "go1.25.0.linux-s390x.tar.gz",
          "34e5a2e19f2292fbaf8783e3a241e6e49689276aef6510a8060ea5ef54eee408"
        ],
        "netbsd_386": [
          "go1.25.0.netbsd-386.tar.gz",
          "f8586cdb7aa855657609a5c5f6dbf523efa00c2bbd7c76d3936bec80aa6c0aba"
        ],
        "netbsd_amd64": [
          "go1.25.0.netbsd-amd64.tar.gz",
          "ae8dc1469385b86a157a423bb56304ba45730de8a897615874f57dd096db2c2a"
        ],
        "netbsd_arm": [
          "go1.25.0.netbsd-arm.tar.gz",
          "1ff7e4cc764425fc9dd6825eaee79d02b3c7cafffbb3691687c8d672ade76cb7"
        ],
        "netbsd_arm64": [
          "go1.25.0.netbsd-arm64.tar.gz",
          "e1b310739f26724216aa6d7d7208c4031f9ff54c9b5b9a796ddc8bebcb4a5f16"
        ],
        "openbsd_386": [
          "go1.25.0.openbsd-386.tar.gz",
          "4802a9b20e533da91adb84aab42e94aa56cfe3e5475d0550bed3385b182e69d8"
        ],
        "openbsd_amd64": [
          "go1.25.0.openbsd-amd64.tar.gz",
          "c016cd984bebe317b19a4f297c4f50def120dc9788490540c89f28e42f1dabe1"
        ],
        "openbsd_arm": [
          "go1.25.0.openbsd-arm.tar.gz",
          "a1e31d0bf22172ddde42edf5ec811ef81be43433df0948ece52fecb247ccfd8d"
        ],
        "openbsd_arm64": [
          "go1.25.0.openbsd-arm64.tar.gz",
          "343ea8edd8c218196e15a859c6072d0dd3246fbbb168481ab665eb4c4140458d"
        ],
        "openbsd_ppc64": [
          "go1.25.0.openbsd-ppc64.tar.gz",
          "694c14da1bcaeb5e3332d49bdc2b6d155067648f8fe1540c5de8f3cf8e157154"
        ],
        "openbsd_riscv64": [
          "go1.25.0.openbsd-riscv64.tar.gz",
          "aa510ad25cf54c06cd9c70b6d80ded69cb20188ac6e1735655eef29ff7e7885f"
        ],
        "plan9_386": [
          "go1.25.0.plan9-386.tar.gz",
          "46f8cef02086cf04bf186c5912776b56535178d4cb319cd19c9fdbdd29231986"
        ],
        "plan9_amd64": [
          "go1.25.0.plan9-amd64.tar.gz",
          "29b34391d84095e44608a228f63f2f88113a37b74a79781353ec043dfbcb427b"
        ],
        "plan9_arm": [
          "go1.25.0.plan9-arm.tar.gz",
          "0a047107d13ebe7943aaa6d54b1d7bbd2e45e68ce449b52915a818da715799c2"
        ],
        "solaris_amd64": [
          "go1.25.0.solaris-amd64.tar.gz",
          "9977f9e4351984364a3b2b78f8b88bfd1d339812356d5237678514594b7d3611"
        ],
        "windows_386": [
          "go1.25.0.windows-386.zip",
          "df9f39db82a803af0db639e3613a36681ab7a42866b1384b3f3a1045663961a7"
        ],
        "windows_amd64": [
          "go1.25.0.windows-amd64.zip",
          "89efb4f9b30812eee083cc1770fdd2913c14d301064f6454851428f9707d190b"
        ],
        "windows_arm64": [
          "go1.25.0.windows-arm64.zip",
          "27bab004c72b3d7bd05a69b6ec0fc54a309b4b78cc569dd963d8b3ec28bfdb8c"
        ]
      },
      "1.26.1": {
        "aix_ppc64": [
          "go1.26.1.aix-ppc64.tar.gz",
          "75441456c5fb8338b2691d22d7e91cc756f79defaa4268d6e04ab85ca1a1f4a3"
        ],
        "darwin_amd64": [
          "go1.26.1.darwin-amd64.tar.gz",
          "65773dab2f8cc4cd23d93ba6d0a805de150ca0b78378879292be0b903b8cdd08"
        ],
        "darwin_arm64": [
          "go1.26.1.darwin-arm64.tar.gz",
          "353df43a7811ce284c8938b5f3c7df40b7bfb6f56cb165b150bc40b5e2dd541f"
        ],
        "dragonfly_amd64": [
          "go1.26.1.dragonfly-amd64.tar.gz",
          "f415e65bfcb03989a4b6eddedcd582cd509ea619af588b1341416216642c78fb"
        ],
        "freebsd_386": [
          "go1.26.1.freebsd-386.tar.gz",
          "afb86dcd5240cf93627171a169973c75d9d139a69ed8e0be120d49b24943c13f"
        ],
        "freebsd_amd64": [
          "go1.26.1.freebsd-amd64.tar.gz",
          "d89034a0b54fdc234815fecfb76d7d06a7d180d7a6124aa47715a4cacc9fe999"
        ],
        "freebsd_arm": [
          "go1.26.1.freebsd-arm.tar.gz",
          "c60b5b09a24680e40a906df62af71563af4cca0106f01390f2a2346bbfbc4aaa"
        ],
        "freebsd_arm64": [
          "go1.26.1.freebsd-arm64.tar.gz",
          "d62b358dbf7bcfc33402e7e221d848e7fd8d7ac902b33920f2c23c8a32ba76db"
        ],
        "illumos_amd64": [
          "go1.26.1.illumos-amd64.tar.gz",
          "78e9a3d99fab9626b773a859f28f69ca5240846487f51b92b51251ef04f210bc"
        ],
        "linux_386": [
          "go1.26.1.linux-386.tar.gz",
          "da75d696c6b9440fe9fb6418429f29eaeee947707ee8c6ddb567c558051a1cc2"
        ],
        "linux_amd64": [
          "go1.26.1.linux-amd64.tar.gz",
          "031f088e5d955bab8657ede27ad4e3bc5b7c1ba281f05f245bcc304f327c987a"
        ],
        "linux_arm64": [
          "go1.26.1.linux-arm64.tar.gz",
          "a290581cfe4fe28ddd737dde3095f3dbeb7f2e4065cab4eae44dfc53b760c2f7"
        ],
        "linux_armv6l": [
          "go1.26.1.linux-armv6l.tar.gz",
          "c9937198994dc173b87630a94a0d323442bef81bf7589b1170d55a8ebf759bda"
        ],
        "linux_loong64": [
          "go1.26.1.linux-loong64.tar.gz",
          "922b0f308771ce7e162f6c14a9d4bc86db329eaacf6db875e967ad7e5a6b065c"
        ],
        "linux_mips": [
          "go1.26.1.linux-mips.tar.gz",
          "8711f0396539d9051f27b7743c69ab48359dea75cfaa37b8c70b6ddf6b5d8259"
        ],
        "linux_mips64": [
          "go1.26.1.linux-mips64.tar.gz",
          "bbe2604bdf51e08d6386da7632f07379f88f31b2431ae71839a7064201a8ffd3"
        ],
        "linux_mips64le": [
          "go1.26.1.linux-mips64le.tar.gz",
          "1d97c7293a9760afb4a6e02d19e627d7eecea75b4f06096fd39b7977e4830b96"
        ],
        "linux_mipsle": [
          "go1.26.1.linux-mipsle.tar.gz",
          "2051d0dc77d8e35aaab39236ae1f913098bbee493c7ed6a6281a8dd5dc1e5db7"
        ],
        "linux_ppc64": [
          "go1.26.1.linux-ppc64.tar.gz",
          "a14f56b7483c3829e7eb92766956b0b7c3cbb21d055d31c3d327a15baf5535c6"
        ],
        "linux_ppc64le": [
          "go1.26.1.linux-ppc64le.tar.gz",
          "f56eed002998f5f51fa07fd4ed0c5de5e02d51cec7a4007f771c7576620d9d45"
        ],
        "linux_riscv64": [
          "go1.26.1.linux-riscv64.tar.gz",
          "56f8a63ae986c75e91001d65e17648564a10f0d2b18d696d13c91e459da1abd4"
        ],
        "linux_s390x": [
          "go1.26.1.linux-s390x.tar.gz",
          "60fe623ef63e6338c055ec0e0e3f4fa85c97a056de2d2f6ee38591e2bfa9cdde"
        ],
        "netbsd_386": [
          "go1.26.1.netbsd-386.tar.gz",
          "158b816ce02a2a8cb07aca558bd332ba3b6f56d3b873f48979231f8beaa458a1"
        ],
        "netbsd_amd64": [
          "go1.26.1.netbsd-amd64.tar.gz",
          "42bf3dba3d2c023fb7cce66806e300d389951b2ba50484eb6a2d8cdb8baa8b50"
        ],
        "netbsd_arm": [
          "go1.26.1.netbsd-arm.tar.gz",
          "7107542cc768b1bdf713e33e7034dd2a5ca98e7357643c2c9695c6be5176a590"
        ],
        "netbsd_arm64": [
          "go1.26.1.netbsd-arm64.tar.gz",
          "498845f0c6b5eb3136c1a21b87940e55a039639f0757b91016172e67ce899032"
        ],
        "openbsd_386": [
          "go1.26.1.openbsd-386.tar.gz",
          "aba9d96b620eac5a3b47c0e58dc2a2d773c365991a6e1a9b681b8c77542adbed"
        ],
        "openbsd_amd64": [
          "go1.26.1.openbsd-amd64.tar.gz",
          "8801baa1cc9d221b863b005555ba3c6cbd27fb50b651f7e31ea129d0ada27577"
        ],
        "openbsd_arm": [
          "go1.26.1.openbsd-arm.tar.gz",
          "cdeb25b4d496c3e6610d86292af8c2699bca40cfdad27dd6366ea032e29f233b"
        ],
        "openbsd_arm64": [
          "go1.26.1.openbsd-arm64.tar.gz",
          "398f0074552368b0f8d874712a69bb4c999d16edaceaa31ff7dde735f524e815"
        ],
        "openbsd_ppc64": [
          "go1.26.1.openbsd-ppc64.tar.gz",
          "74e95fa65c22cd2ab09a69532517bac51da5a66827766abd721f20a4fd9120dc"
        ],
        "openbsd_riscv64": [
          "go1.26.1.openbsd-riscv64.tar.gz",
          "1a78ed5f05959bda1a7feee108bb96fd46ca50f8f8ff60484fef0b6436bf36c0"
        ],
        "plan9_386": [
          "go1.26.1.plan9-386.tar.gz",
          "214a665bbf5204caa1111a15a9607b3f0057ea9721e0dafbd5a71303de0708c4"
        ],
        "plan9_amd64": [
          "go1.26.1.plan9-amd64.tar.gz",
          "c6b0bd3c0f0f4c62191c665a27df9f79470572ad29ecf6064368f3bde43c14bc"
        ],
        "plan9_arm": [
          "go1.26.1.plan9-arm.tar.gz",
          "9caf03c5455fe14dd622cba54edc4655a895e302f09e34a6dd19c4ebc7c53786"
        ],
        "solaris_amd64": [
          "go1.26.1.solaris-amd64.tar.gz",
          "e9d67570e05e43120692be78bf7497a22ff413526f8d6b7378bba9607a151b5b"
        ],
        "windows_386": [
          "go1.26.1.windows-386.zip",
          "6a26b7ce038d96d2b3457ea4933667fb85c896411860216daf6ea17ecd4b25c5"
        ],
        "windows_amd64": [
          "go1.26.1.windows-amd64.zip",
          "9b68112c913f45b7aebbf13c036721264bbba7e03a642f8f7490c561eebd1ecc"
        ],
        "windows_arm64": [
          "go1.26.1.windows-arm64.zip",
          "c17e09676be0faad3cbed1c81bb02f38fb73e2f93d048571cc13730fe23f2d5b"
        ]
      }
    }
  }
}
