{
  "lockFileVersion": 18,
  "registryFileHashes": {},
  "selectedYankedVersions": {},
  "moduleExtensions": {
    "//tools/build/module_extensions:bazel_deps_extension.bzl%bazel_deps_extension": {
      "general": {
        "bzlTransitiveDigest": "k0HUBgPJM3RyT7FPWHrrFwno2YbsSV/PToQndMcK6vA=",
        "usagesDigest": "b4DCMb/mBUaI4hvjqeWoW1BEw7iAIloBW4cVmU6EWjc=",
        "recordedFileInputs": {},
        "recordedDirentsInputs": {},
        "envVariables": {},
        "generatedRepoSpecs": {
          "bazel_deps": {
            "repoRuleId": "@@//tools/build/repo_rules:bazel_deps.bzl%bazel_deps",
            "attributes": {
              "deps": "@@//:MODULE.bazel"
            }
          }
        },
        "recordedRepoMappingEntries": []
      }
    },
    "@@container_structure_test+//:repositories.bzl%extension": {
      "general": {
        "bzlTransitiveDigest": "Ku+Eo+b4/aBKTZQIhgFXmddzLCbJWeg68P6f7MH3aSg=",
        "usagesDigest": "a5gAcDJbXC5zl60WFhONlZcuHfVW+ZEh+xELLHPsvgQ=",
        "recordedFileInputs": {},
        "recordedDirentsInputs": {},
        "envVariables": {},
        "generatedRepoSpecs": {
          "jq_darwin_amd64": {
            "repoRuleId": "@@aspect_bazel_lib+//lib/private:jq_toolchain.bzl%jq_platform_repo",
            "attributes": {
              "platform": "darwin_amd64",
              "version": "1.7"
            }
          },
          "jq_darwin_arm64": {
            "repoRuleId": "@@aspect_bazel_lib+//lib/private:jq_toolchain.bzl%jq_platform_repo",
            "attributes": {
              "platform": "darwin_arm64",
              "version": "1.7"
            }
          },
          "jq_linux_amd64": {
            "repoRuleId": "@@aspect_bazel_lib+//lib/private:jq_toolchain.bzl%jq_platform_repo",
            "attributes": {
              "platform": "linux_amd64",
              "version": "1.7"
            }
          },
          "jq_linux_arm64": {
            "repoRuleId": "@@aspect_bazel_lib+//lib/private:jq_toolchain.bzl%jq_platform_repo",
            "attributes": {
              "platform": "linux_arm64",
              "version": "1.7"
            }
          },
          "jq_windows_amd64": {
            "repoRuleId": "@@aspect_bazel_lib+//lib/private:jq_toolchain.bzl%jq_platform_repo",
            "attributes": {
              "platform": "windows_amd64",
              "version": "1.7"
            }
          },
          "jq": {
            "repoRuleId": "@@aspect_bazel_lib+//lib/private:jq_toolchain.bzl%jq_host_alias_repo",
            "attributes": {}
          },
          "jq_toolchains": {
            "repoRuleId": "@@aspect_bazel_lib+//lib/private:jq_toolchain.bzl%jq_toolchains_repo",
            "attributes": {
              "user_repository_name": "jq"
            }
          },
          "structure_test_st_darwin_amd64": {
            "repoRuleId": "@@container_structure_test+//:repositories.bzl%structure_test_repositories",
            "attributes": {
              "platform": "darwin_amd64"
            }
          },
          "structure_test_st_darwin_arm64": {
            "repoRuleId": "@@container_structure_test+//:repositories.bzl%structure_test_repositories",
            "attributes": {
              "platform": "darwin_arm64"
            }
          },
          "structure_test_st_linux_arm64": {
            "repoRuleId": "@@container_structure_test+//:repositories.bzl%structure_test_repositories",
            "attributes": {
              "platform": "linux_arm64"
            }
          },
          "structure_test_st_linux_s390x": {
            "repoRuleId": "@@container_structure_test+//:repositories.bzl%structure_test_repositories",
            "attributes": {
              "platform": "linux_s390x"
            }
          },
          "structure_test_st_linux_amd64": {
            "repoRuleId": "@@container_structure_test+//:repositories.bzl%structure_test_repositories",
            "attributes": {
              "platform": "linux_amd64"
            }
          },
          "structure_test_st_windows_amd64": {
            "repoRuleId": "@@container_structure_test+//:repositories.bzl%structure_test_repositories",
            "attributes": {
              "platform": "windows_amd64"
            }
          },
          "structure_test_toolchains": {
            "repoRuleId": "@@container_structure_test+//bazel:toolchains_repo.bzl%toolchains_repo",
            "attributes": {
              "toolchain_type": "@container_structure_test//bazel:structure_test_toolchain_type",
              "toolchain": "@structure_test_st_{platform}//:structure_test_toolchain"
            }
          }
        },
        "recordedRepoMappingEntries": [
          [
            "aspect_bazel_lib+",
            "bazel_tools",
            "bazel_tools"
          ],
          [
            "container_structure_test+",
            "aspect_bazel_lib",
            "aspect_bazel_lib+"
          ]
        ]
      }
    },
    "@@rules_android+//bzlmod_extensions:apksig.bzl%apksig_extension": {
      "general": {
        "bzlTransitiveDigest": "oNxmR17oNBDtqdMtQ04f77G1dxpDmcW7KbgGb9I5vp0=",
        "usagesDigest": "xq6OVkELeJvOgYo3oY/sUBsGFbcqdV+9BYiNgSPV/po=",
        "recordedFileInputs": {},
        "recordedDirentsInputs": {},
        "envVariables": {},
        "generatedRepoSpecs": {
          "apksig": {
            "repoRuleId": "@@bazel_tools//tools/build_defs/repo:http.bzl%http_archive",
            "attributes": {
              "url": "https://android.googlesource.com/platform/tools/apksig/+archive/24e3075e68ebe17c0b529bb24bfda819db5e2f3b.tar.gz",
              "build_file": "@@rules_android+//bzlmod_extensions:apksig.BUILD"
            }
          }
        },
        "recordedRepoMappingEntries": [
          [
            "rules_android+",
            "bazel_tools",
            "bazel_tools"
          ]
        ]
      }
    },
    "@@rules_android+//bzlmod_extensions:com_android_dex.bzl%com_android_dex_extension": {
      "general": {
        "bzlTransitiveDigest": "Rux2kPXUP93tJLEXkVk6q0CHomvsLAuRfqBNU8xddsY=",
        "usagesDigest": "toF8IFMu98H/VU2p1sfVC5fVXVYJunpbbmtM6tOsQXY=",
        "recordedFileInputs": {},
        "recordedDirentsInputs": {},
        "envVariables": {},
        "generatedRepoSpecs": {
          "com_android_dex": {
            "repoRuleId": "@@bazel_tools//tools/build_defs/repo:http.bzl%http_archive",
            "attributes": {
              "url": "https://android.googlesource.com/platform/dalvik/+archive/5a81c499a569731e2395f7c8d13c0e0d4e17a2b6.tar.gz",
              "build_file": "@@rules_android+//bzlmod_extensions:com_android_dex.BUILD"
            }
          }
        },
        "recordedRepoMappingEntries": [
          [
            "rules_android+",
            "bazel_tools",
            "bazel_tools"
          ]
        ]
      }
    },
    "@@rules_android+//rules/android_sdk_repository:rule.bzl%android_sdk_repository_extension": {
      "general": {
        "bzlTransitiveDigest": "NAy+0M15JNVEBb8Tny6t7j3lKqTnsAMjoBB6LJ+C370=",
        "usagesDigest": "g9Ur6X6qhf9a8MmY9qXU/jFjkyk/aZVBegI0yVMF0z4=",
        "recordedFileInputs": {},
        "recordedDirentsInputs": {},
        "envVariables": {},
        "generatedRepoSpecs": {
          "androidsdk": {
            "repoRuleId": "@@rules_android+//rules/android_sdk_repository:rule.bzl%_android_sdk_repository",
            "attributes": {}
          }
        },
        "recordedRepoMappingEntries": []
      }
    },
    "@@rules_kotlin+//src/main/starlark/core/repositories:bzlmod_setup.bzl%rules_kotlin_extensions": {
      "general": {
        "bzlTransitiveDigest": "BpKZEsNfgjUOuN2PY8cZR/67fJnftlcLJE4ZBh7TZ58=",
        "usagesDigest": "MuUr8937cYwHs/gXOtu14rgCs0SvEk3vOhpKwe7uBqU=",
        "recordedFileInputs": {},
        "recordedDirentsInputs": {},
        "envVariables": {},
        "generatedRepoSpecs": {
          "com_github_jetbrains_kotlin_git": {
            "repoRuleId": "@@rules_kotlin+//src/main/starlark/core/repositories:compiler.bzl%kotlin_compiler_git_repository",
            "attributes": {
              "urls": [
                "https://github.com/JetBrains/kotlin/releases/download/v2.1.21/kotlin-compiler-2.1.21.zip"
              ],
              "sha256": "1ba08a8b45da99339a0601134cc037b54cf85e9bc0edbe76dcbd27c2d684a977"
            }
          },
          "com_github_jetbrains_kotlin": {
            "repoRuleId": "@@rules_kotlin+//src/main/starlark/core/repositories:compiler.bzl%kotlin_capabilities_repository",
            "attributes": {
              "git_repository_name": "com_github_jetbrains_kotlin_git",
              "compiler_version": "2.1.21"
            }
          },
          "com_github_google_ksp": {
            "repoRuleId": "@@rules_kotlin+//src/main/starlark/core/repositories:ksp.bzl%ksp_compiler_plugin_repository",
            "attributes": {
              "urls": [
                "https://github.com/google/ksp/releases/download/2.1.21-2.0.1/artifacts.zip"
              ],
              "sha256": "44e965bb067b2bb5cd9184dab2c3dea6e3eab747d341c07645bb4c88f09e49c8",
              "strip_version": "2.1.21-2.0.1"
            }
          },
          "com_github_pinterest_ktlint": {
            "repoRuleId": "@@bazel_tools//tools/build_defs/repo:http.bzl%http_file",
            "attributes": {
              "sha256": "5ba1ac917a06b0f02daaa60d10abbedd2220d60216af670c67a45b91c74cf8bb",
              "urls": [
                "https://github.com/pinterest/ktlint/releases/download/1.6.0/ktlint"
              ],
              "executable": true
            }
          },
          "kotlinx_serialization_core_jvm": {
            "repoRuleId": "@@bazel_tools//tools/build_defs/repo:http.bzl%http_jar",
            "attributes": {
              "sha256": "3565b6d4d789bf70683c45566944287fc1d8dc75c23d98bd87d01059cc76f2b3",
              "urls": [
                "https://repo1.maven.org/maven2/org/jetbrains/kotlinx/kotlinx-serialization-core-jvm/1.8.1/kotlinx-serialization-core-jvm-1.8.1.jar"
              ]
            }
          },
          "kotlinx_serialization_json": {
            "repoRuleId": "@@bazel_tools//tools/build_defs/repo:http.bzl%http_jar",
            "attributes": {
              "sha256": "58adf3358a0f99dd8d66a550fbe19064d395e0d5f7f1e46515cd3470a56fbbb0",
              "urls": [
                "https://repo1.maven.org/maven2/org/jetbrains/kotlinx/kotlinx-serialization-json/1.8.1/kotlinx-serialization-json-1.8.1.jar"
              ]
            }
          },
          "kotlinx_serialization_json_jvm": {
            "repoRuleId": "@@bazel_tools//tools/build_defs/repo:http.bzl%http_jar",
            "attributes": {
              "sha256": "8769e5647557e3700919c32d508f5c5dad53c5d8234cd10846354fbcff14aa24",
              "urls": [
                "https://repo1.maven.org/maven2/org/jetbrains/kotlinx/kotlinx-serialization-json-jvm/1.8.1/kotlinx-serialization-json-jvm-1.8.1.jar"
              ]
            }
          },
          "kotlin_build_tools_impl": {
            "repoRuleId": "@@bazel_tools//tools/build_defs/repo:http.bzl%http_jar",
            "attributes": {
              "sha256": "6e94896e321603e3bfe89fef02478e44d1d64a3d25d49d0694892ffc01c60acf",
              "urls": [
                "https://repo1.maven.org/maven2/org/jetbrains/kotlin/kotlin-build-tools-impl/2.1.20/kotlin-build-tools-impl-2.1.20.jar"
              ]
            }
          }
        },
        "recordedRepoMappingEntries": [
          [
            "rules_kotlin+",
            "bazel_tools",
            "bazel_tools"
          ]
        ]
      }
    },
    "@@rules_oci+//oci:extensions.bzl%oci": {
      "general": {
        "bzlTransitiveDigest": "UG6/u9Dl5qNozcG8E6ehAcOG2nhh8rw191ishRnBR24=",
        "usagesDigest": "zv23fvA4081rbL94BSLHjfZVtTXZ1o/CXg96Ek+R83s=",
        "recordedFileInputs": {},
        "recordedDirentsInputs": {},
        "envVariables": {},
        "generatedRepoSpecs": {
          "io_quay_boleynsu_ci_runner_linux_amd64": {
            "repoRuleId": "@@rules_oci+//oci/private:pull.bzl%oci_pull",
            "attributes": {
              "www_authenticate_challenges": {},
              "scheme": "https",
              "registry": "quay.io",
              "repository": "boleynsu/ci-runner",
              "identifier": "sha256:ea15f856a659e4a836d1f80fd417709d6dcd485eff88a37419a54201eabd7915",
              "platform": "linux/amd64",
              "target_name": "io_quay_boleynsu_ci_runner_linux_amd64",
              "bazel_tags": []
            }
          },
          "io_quay_boleynsu_ci_runner": {
            "repoRuleId": "@@rules_oci+//oci/private:pull.bzl%oci_alias",
            "attributes": {
              "target_name": "io_quay_boleynsu_ci_runner",
              "www_authenticate_challenges": {},
              "scheme": "https",
              "registry": "quay.io",
              "repository": "boleynsu/ci-runner",
              "identifier": "sha256:ea15f856a659e4a836d1f80fd417709d6dcd485eff88a37419a54201eabd7915",
              "platforms": {
                "@@platforms//cpu:x86_64": "@io_quay_boleynsu_ci_runner_linux_amd64"
              },
              "bzlmod_repository": "io_quay_boleynsu_ci_runner",
              "reproducible": true
            }
          },
          "io_docker_index_library_mariadb_linux_amd64": {
            "repoRuleId": "@@rules_oci+//oci/private:pull.bzl%oci_pull",
            "attributes": {
              "www_authenticate_challenges": {},
              "scheme": "https",
              "registry": "index.docker.io",
              "repository": "library/mariadb",
              "identifier": "sha256:b30cc65b57a11a2e791ad5c06284e599fe9f1bf3fe9081a88d85bcf36389be4a",
              "platform": "linux/amd64",
              "target_name": "io_docker_index_library_mariadb_linux_amd64",
              "bazel_tags": []
            }
          },
          "io_docker_index_library_mariadb_linux_arm64_v8": {
            "repoRuleId": "@@rules_oci+//oci/private:pull.bzl%oci_pull",
            "attributes": {
              "www_authenticate_challenges": {},
              "scheme": "https",
              "registry": "index.docker.io",
              "repository": "library/mariadb",
              "identifier": "sha256:b30cc65b57a11a2e791ad5c06284e599fe9f1bf3fe9081a88d85bcf36389be4a",
              "platform": "linux/arm64/v8",
              "target_name": "io_docker_index_library_mariadb_linux_arm64_v8",
              "bazel_tags": []
            }
          },
          "io_docker_index_library_mariadb_linux_ppc64le": {
            "repoRuleId": "@@rules_oci+//oci/private:pull.bzl%oci_pull",
            "attributes": {
              "www_authenticate_challenges": {},
              "scheme": "https",
              "registry": "index.docker.io",
              "repository": "library/mariadb",
              "identifier": "sha256:b30cc65b57a11a2e791ad5c06284e599fe9f1bf3fe9081a88d85bcf36389be4a",
              "platform": "linux/ppc64le",
              "target_name": "io_docker_index_library_mariadb_linux_ppc64le",
              "bazel_tags": []
            }
          },
          "io_docker_index_library_mariadb_linux_s390x": {
            "repoRuleId": "@@rules_oci+//oci/private:pull.bzl%oci_pull",
            "attributes": {
              "www_authenticate_challenges": {},
              "scheme": "https",
              "registry": "index.docker.io",
              "repository": "library/mariadb",
              "identifier": "sha256:b30cc65b57a11a2e791ad5c06284e599fe9f1bf3fe9081a88d85bcf36389be4a",
              "platform": "linux/s390x",
              "target_name": "io_docker_index_library_mariadb_linux_s390x",
              "bazel_tags": []
            }
          },
          "io_docker_index_library_mariadb": {
            "repoRuleId": "@@rules_oci+//oci/private:pull.bzl%oci_alias",
            "attributes": {
              "target_name": "io_docker_index_library_mariadb",
              "www_authenticate_challenges": {},
              "scheme": "https",
              "registry": "index.docker.io",
              "repository": "library/mariadb",
              "identifier": "sha256:b30cc65b57a11a2e791ad5c06284e599fe9f1bf3fe9081a88d85bcf36389be4a",
              "platforms": {
                "@@platforms//cpu:x86_64": "@io_docker_index_library_mariadb_linux_amd64",
                "@@platforms//cpu:arm64": "@io_docker_index_library_mariadb_linux_arm64_v8",
                "@@platforms//cpu:ppc": "@io_docker_index_library_mariadb_linux_ppc64le",
                "@@platforms//cpu:s390x": "@io_docker_index_library_mariadb_linux_s390x"
              },
              "bzlmod_repository": "io_docker_index_library_mariadb",
              "reproducible": true
            }
          },
          "io_docker_index_library_adminer_linux_amd64": {
            "repoRuleId": "@@rules_oci+//oci/private:pull.bzl%oci_pull",
            "attributes": {
              "www_authenticate_challenges": {},
              "scheme": "https",
              "registry": "index.docker.io",
              "repository": "library/adminer",
              "identifier": "sha256:3af794aede16163e72832eee3dcaf3ca87961a7d120b1a3534ff5891c5c16329",
              "platform": "linux/amd64",
              "target_name": "io_docker_index_library_adminer_linux_amd64",
              "bazel_tags": []
            }
          },
          "io_docker_index_library_adminer_linux_arm_v6": {
            "repoRuleId": "@@rules_oci+//oci/private:pull.bzl%oci_pull",
            "attributes": {
              "www_authenticate_challenges": {},
              "scheme": "https",
              "registry": "index.docker.io",
              "repository": "library/adminer",
              "identifier": "sha256:3af794aede16163e72832eee3dcaf3ca87961a7d120b1a3534ff5891c5c16329",
              "platform": "linux/arm/v6",
              "target_name": "io_docker_index_library_adminer_linux_arm_v6",
              "bazel_tags": []
            }
          },
          "io_docker_index_library_adminer_linux_arm_v7": {
            "repoRuleId": "@@rules_oci+//oci/private:pull.bzl%oci_pull",
            "attributes": {
              "www_authenticate_challenges": {},
              "scheme": "https",
              "registry": "index.docker.io",
              "repository": "library/adminer",
              "identifier": "sha256:3af794aede16163e72832eee3dcaf3ca87961a7d120b1a3534ff5891c5c16329",
              "platform": "linux/arm/v7",
              "target_name": "io_docker_index_library_adminer_linux_arm_v7",
              "bazel_tags": []
            }
          },
          "io_docker_index_library_adminer_linux_arm64_v8": {
            "repoRuleId": "@@rules_oci+//oci/private:pull.bzl%oci_pull",
            "attributes": {
              "www_authenticate_challenges": {},
              "scheme": "https",
              "registry": "index.docker.io",
              "repository": "library/adminer",
              "identifier": "sha256:3af794aede16163e72832eee3dcaf3ca87961a7d120b1a3534ff5891c5c16329",
              "platform": "linux/arm64/v8",
              "target_name": "io_docker_index_library_adminer_linux_arm64_v8",
              "bazel_tags": []
            }
          },
          "io_docker_index_library_adminer_linux_386": {
            "repoRuleId": "@@rules_oci+//oci/private:pull.bzl%oci_pull",
            "attributes": {
              "www_authenticate_challenges": {},
              "scheme": "https",
              "registry": "index.docker.io",
              "repository": "library/adminer",
              "identifier": "sha256:3af794aede16163e72832eee3dcaf3ca87961a7d120b1a3534ff5891c5c16329",
              "platform": "linux/386",
              "target_name": "io_docker_index_library_adminer_linux_386",
              "bazel_tags": []
            }
          },
          "io_docker_index_library_adminer_linux_ppc64le": {
            "repoRuleId": "@@rules_oci+//oci/private:pull.bzl%oci_pull",
            "attributes": {
              "www_authenticate_challenges": {},
              "scheme": "https",
              "registry": "index.docker.io",
              "repository": "library/adminer",
              "identifier": "sha256:3af794aede16163e72832eee3dcaf3ca87961a7d120b1a3534ff5891c5c16329",
              "platform": "linux/ppc64le",
              "target_name": "io_docker_index_library_adminer_linux_ppc64le",
              "bazel_tags": []
            }
          },
          "io_docker_index_library_adminer_linux_riscv64": {
            "repoRuleId": "@@rules_oci+//oci/private:pull.bzl%oci_pull",
            "attributes": {
              "www_authenticate_challenges": {},
              "scheme": "https",
              "registry": "index.docker.io",
              "repository": "library/adminer",
              "identifier": "sha256:3af794aede16163e72832eee3dcaf3ca87961a7d120b1a3534ff5891c5c16329",
              "platform": "linux/riscv64",
              "target_name": "io_docker_index_library_adminer_linux_riscv64",
              "bazel_tags": []
            }
          },
          "io_docker_index_library_adminer_linux_s390x": {
            "repoRuleId": "@@rules_oci+//oci/private:pull.bzl%oci_pull",
            "attributes": {
              "www_authenticate_challenges": {},
              "scheme": "https",
              "registry": "index.docker.io",
              "repository": "library/adminer",
              "identifier": "sha256:3af794aede16163e72832eee3dcaf3ca87961a7d120b1a3534ff5891c5c16329",
              "platform": "linux/s390x",
              "target_name": "io_docker_index_library_adminer_linux_s390x",
              "bazel_tags": []
            }
          },
          "io_docker_index_library_adminer": {
            "repoRuleId": "@@rules_oci+//oci/private:pull.bzl%oci_alias",
            "attributes": {
              "target_name": "io_docker_index_library_adminer",
              "www_authenticate_challenges": {},
              "scheme": "https",
              "registry": "index.docker.io",
              "repository": "library/adminer",
              "identifier": "sha256:3af794aede16163e72832eee3dcaf3ca87961a7d120b1a3534ff5891c5c16329",
              "platforms": {
                "@@platforms//cpu:x86_64": "@io_docker_index_library_adminer_linux_amd64",
                "@@platforms//cpu:armv7": "@io_docker_index_library_adminer_linux_arm_v7",
                "@@platforms//cpu:arm64": "@io_docker_index_library_adminer_linux_arm64_v8",
                "@@platforms//cpu:i386": "@io_docker_index_library_adminer_linux_386",
                "@@platforms//cpu:ppc": "@io_docker_index_library_adminer_linux_ppc64le",
                "@@platforms//cpu:s390x": "@io_docker_index_library_adminer_linux_s390x"
              },
              "bzlmod_repository": "io_docker_index_library_adminer",
              "reproducible": true
            }
          },
          "io_docker_index_filebrowser_filebrowser_linux_amd64": {
            "repoRuleId": "@@rules_oci+//oci/private:pull.bzl%oci_pull",
            "attributes": {
              "www_authenticate_challenges": {},
              "scheme": "https",
              "registry": "index.docker.io",
              "repository": "filebrowser/filebrowser",
              "identifier": "sha256:1d0bcba4bd7d8886cc6f77c791694d69f9c7c78e889c4ed3a5734529daed9fa1",
              "platform": "linux/amd64",
              "target_name": "io_docker_index_filebrowser_filebrowser_linux_amd64",
              "bazel_tags": []
            }
          },
          "io_docker_index_filebrowser_filebrowser_linux_arm64": {
            "repoRuleId": "@@rules_oci+//oci/private:pull.bzl%oci_pull",
            "attributes": {
              "www_authenticate_challenges": {},
              "scheme": "https",
              "registry": "index.docker.io",
              "repository": "filebrowser/filebrowser",
              "identifier": "sha256:1d0bcba4bd7d8886cc6f77c791694d69f9c7c78e889c4ed3a5734529daed9fa1",
              "platform": "linux/arm64",
              "target_name": "io_docker_index_filebrowser_filebrowser_linux_arm64",
              "bazel_tags": []
            }
          },
          "io_docker_index_filebrowser_filebrowser_linux_arm_v7": {
            "repoRuleId": "@@rules_oci+//oci/private:pull.bzl%oci_pull",
            "attributes": {
              "www_authenticate_challenges": {},
              "scheme": "https",
              "registry": "index.docker.io",
              "repository": "filebrowser/filebrowser",
              "identifier": "sha256:1d0bcba4bd7d8886cc6f77c791694d69f9c7c78e889c4ed3a5734529daed9fa1",
              "platform": "linux/arm/v7",
              "target_name": "io_docker_index_filebrowser_filebrowser_linux_arm_v7",
              "bazel_tags": []
            }
          },
          "io_docker_index_filebrowser_filebrowser": {
            "repoRuleId": "@@rules_oci+//oci/private:pull.bzl%oci_alias",
            "attributes": {
              "target_name": "io_docker_index_filebrowser_filebrowser",
              "www_authenticate_challenges": {},
              "scheme": "https",
              "registry": "index.docker.io",
              "repository": "filebrowser/filebrowser",
              "identifier": "sha256:1d0bcba4bd7d8886cc6f77c791694d69f9c7c78e889c4ed3a5734529daed9fa1",
              "platforms": {
                "@@platforms//cpu:x86_64": "@io_docker_index_filebrowser_filebrowser_linux_amd64",
                "@@platforms//cpu:arm64": "@io_docker_index_filebrowser_filebrowser_linux_arm64",
                "@@platforms//cpu:armv7": "@io_docker_index_filebrowser_filebrowser_linux_arm_v7"
              },
              "bzlmod_repository": "io_docker_index_filebrowser_filebrowser",
              "reproducible": true
            }
          },
          "io_quay_boleynsu_oj_c99runner_linux_amd64": {
            "repoRuleId": "@@rules_oci+//oci/private:pull.bzl%oci_pull",
            "attributes": {
              "www_authenticate_challenges": {},
              "scheme": "https",
              "registry": "quay.io",
              "repository": "boleynsu/oj-c99runner",
              "identifier": "sha256:b26a2686ad3a57c2269851999e381b078f86c486d72d92a4359b21241ba9ec39",
              "platform": "linux/amd64",
              "target_name": "io_quay_boleynsu_oj_c99runner_linux_amd64",
              "bazel_tags": []
            }
          },
          "io_quay_boleynsu_oj_c99runner_linux_arm64_v8": {
            "repoRuleId": "@@rules_oci+//oci/private:pull.bzl%oci_pull",
            "attributes": {
              "www_authenticate_challenges": {},
              "scheme": "https",
              "registry": "quay.io",
              "repository": "boleynsu/oj-c99runner",
              "identifier": "sha256:b26a2686ad3a57c2269851999e381b078f86c486d72d92a4359b21241ba9ec39",
              "platform": "linux/arm64/v8",
              "target_name": "io_quay_boleynsu_oj_c99runner_linux_arm64_v8",
              "bazel_tags": []
            }
          },
          "io_quay_boleynsu_oj_c99runner": {
            "repoRuleId": "@@rules_oci+//oci/private:pull.bzl%oci_alias",
            "attributes": {
              "target_name": "io_quay_boleynsu_oj_c99runner",
              "www_authenticate_challenges": {},
              "scheme": "https",
              "registry": "quay.io",
              "repository": "boleynsu/oj-c99runner",
              "identifier": "sha256:b26a2686ad3a57c2269851999e381b078f86c486d72d92a4359b21241ba9ec39",
              "platforms": {
                "@@platforms//cpu:x86_64": "@io_quay_boleynsu_oj_c99runner_linux_amd64",
                "@@platforms//cpu:arm64": "@io_quay_boleynsu_oj_c99runner_linux_arm64_v8"
              },
              "bzlmod_repository": "io_quay_boleynsu_oj_c99runner",
              "reproducible": true
            }
          },
          "io_quay_boleynsu_rbe_fedora_linux_amd64": {
            "repoRuleId": "@@rules_oci+//oci/private:pull.bzl%oci_pull",
            "attributes": {
              "www_authenticate_challenges": {},
              "scheme": "https",
              "registry": "quay.io",
              "repository": "boleynsu/rbe-fedora",
              "identifier": "sha256:34b08f930134fbf796fa13f5d2c1809a32ca313199adfaf62826b2e1015ff55f",
              "platform": "linux/amd64",
              "target_name": "io_quay_boleynsu_rbe_fedora_linux_amd64",
              "bazel_tags": []
            }
          },
          "io_quay_boleynsu_rbe_fedora": {
            "repoRuleId": "@@rules_oci+//oci/private:pull.bzl%oci_alias",
            "attributes": {
              "target_name": "io_quay_boleynsu_rbe_fedora",
              "www_authenticate_challenges": {},
              "scheme": "https",
              "registry": "quay.io",
              "repository": "boleynsu/rbe-fedora",
              "identifier": "sha256:34b08f930134fbf796fa13f5d2c1809a32ca313199adfaf62826b2e1015ff55f",
              "platforms": {
                "@@platforms//cpu:x86_64": "@io_quay_boleynsu_rbe_fedora_linux_amd64"
              },
              "bzlmod_repository": "io_quay_boleynsu_rbe_fedora",
              "reproducible": true
            }
          },
          "io_quay_boleynsu_base_linux_amd64": {
            "repoRuleId": "@@rules_oci+//oci/private:pull.bzl%oci_pull",
            "attributes": {
              "www_authenticate_challenges": {},
              "scheme": "https",
              "registry": "quay.io",
              "repository": "boleynsu/base",
              "identifier": "sha256:7add2caccea29c609075c473204f3a5c07537460a4abe19cfc2451a184d52250",
              "platform": "linux/amd64",
              "target_name": "io_quay_boleynsu_base_linux_amd64",
              "bazel_tags": []
            }
          },
          "io_quay_boleynsu_base_linux_arm64_v8": {
            "repoRuleId": "@@rules_oci+//oci/private:pull.bzl%oci_pull",
            "attributes": {
              "www_authenticate_challenges": {},
              "scheme": "https",
              "registry": "quay.io",
              "repository": "boleynsu/base",
              "identifier": "sha256:7add2caccea29c609075c473204f3a5c07537460a4abe19cfc2451a184d52250",
              "platform": "linux/arm64/v8",
              "target_name": "io_quay_boleynsu_base_linux_arm64_v8",
              "bazel_tags": []
            }
          },
          "io_quay_boleynsu_base": {
            "repoRuleId": "@@rules_oci+//oci/private:pull.bzl%oci_alias",
            "attributes": {
              "target_name": "io_quay_boleynsu_base",
              "www_authenticate_challenges": {},
              "scheme": "https",
              "registry": "quay.io",
              "repository": "boleynsu/base",
              "identifier": "sha256:7add2caccea29c609075c473204f3a5c07537460a4abe19cfc2451a184d52250",
              "platforms": {
                "@@platforms//cpu:x86_64": "@io_quay_boleynsu_base_linux_amd64",
                "@@platforms//cpu:arm64": "@io_quay_boleynsu_base_linux_arm64_v8"
              },
              "bzlmod_repository": "io_quay_boleynsu_base",
              "reproducible": true
            }
          },
          "oci_crane_darwin_amd64": {
            "repoRuleId": "@@rules_oci+//oci:repositories.bzl%crane_repositories",
            "attributes": {
              "platform": "darwin_amd64",
              "crane_version": "v0.18.0"
            }
          },
          "oci_crane_darwin_arm64": {
            "repoRuleId": "@@rules_oci+//oci:repositories.bzl%crane_repositories",
            "attributes": {
              "platform": "darwin_arm64",
              "crane_version": "v0.18.0"
            }
          },
          "oci_crane_linux_arm64": {
            "repoRuleId": "@@rules_oci+//oci:repositories.bzl%crane_repositories",
            "attributes": {
              "platform": "linux_arm64",
              "crane_version": "v0.18.0"
            }
          },
          "oci_crane_linux_armv6": {
            "repoRuleId": "@@rules_oci+//oci:repositories.bzl%crane_repositories",
            "attributes": {
              "platform": "linux_armv6",
              "crane_version": "v0.18.0"
            }
          },
          "oci_crane_linux_i386": {
            "repoRuleId": "@@rules_oci+//oci:repositories.bzl%crane_repositories",
            "attributes": {
              "platform": "linux_i386",
              "crane_version": "v0.18.0"
            }
          },
          "oci_crane_linux_s390x": {
            "repoRuleId": "@@rules_oci+//oci:repositories.bzl%crane_repositories",
            "attributes": {
              "platform": "linux_s390x",
              "crane_version": "v0.18.0"
            }
          },
          "oci_crane_linux_amd64": {
            "repoRuleId": "@@rules_oci+//oci:repositories.bzl%crane_repositories",
            "attributes": {
              "platform": "linux_amd64",
              "crane_version": "v0.18.0"
            }
          },
          "oci_crane_windows_armv6": {
            "repoRuleId": "@@rules_oci+//oci:repositories.bzl%crane_repositories",
            "attributes": {
              "platform": "windows_armv6",
              "crane_version": "v0.18.0"
            }
          },
          "oci_crane_windows_amd64": {
            "repoRuleId": "@@rules_oci+//oci:repositories.bzl%crane_repositories",
            "attributes": {
              "platform": "windows_amd64",
              "crane_version": "v0.18.0"
            }
          },
          "oci_crane_toolchains": {
            "repoRuleId": "@@rules_oci+//oci/private:toolchains_repo.bzl%toolchains_repo",
            "attributes": {
              "toolchain_type": "@rules_oci//oci:crane_toolchain_type",
              "toolchain": "@oci_crane_{platform}//:crane_toolchain"
            }
          },
          "oci_regctl_darwin_amd64": {
            "repoRuleId": "@@rules_oci+//oci:repositories.bzl%regctl_repositories",
            "attributes": {
              "platform": "darwin_amd64"
            }
          },
          "oci_regctl_darwin_arm64": {
            "repoRuleId": "@@rules_oci+//oci:repositories.bzl%regctl_repositories",
            "attributes": {
              "platform": "darwin_arm64"
            }
          },
          "oci_regctl_linux_arm64": {
            "repoRuleId": "@@rules_oci+//oci:repositories.bzl%regctl_repositories",
            "attributes": {
              "platform": "linux_arm64"
            }
          },
          "oci_regctl_linux_s390x": {
            "repoRuleId": "@@rules_oci+//oci:repositories.bzl%regctl_repositories",
            "attributes": {
              "platform": "linux_s390x"
            }
          },
          "oci_regctl_linux_amd64": {
            "repoRuleId": "@@rules_oci+//oci:repositories.bzl%regctl_repositories",
            "attributes": {
              "platform": "linux_amd64"
            }
          },
          "oci_regctl_windows_amd64": {
            "repoRuleId": "@@rules_oci+//oci:repositories.bzl%regctl_repositories",
            "attributes": {
              "platform": "windows_amd64"
            }
          },
          "oci_regctl_toolchains": {
            "repoRuleId": "@@rules_oci+//oci/private:toolchains_repo.bzl%toolchains_repo",
            "attributes": {
              "toolchain_type": "@rules_oci//oci:regctl_toolchain_type",
              "toolchain": "@oci_regctl_{platform}//:regctl_toolchain"
            }
          }
        },
        "moduleExtensionMetadata": {
          "explicitRootModuleDirectDeps": [
            "io_quay_boleynsu_ci_runner",
            "io_quay_boleynsu_ci_runner_linux_amd64",
            "io_docker_index_library_mariadb",
            "io_docker_index_library_mariadb_linux_amd64",
            "io_docker_index_library_mariadb_linux_arm64_v8",
            "io_docker_index_library_mariadb_linux_ppc64le",
            "io_docker_index_library_mariadb_linux_s390x",
            "io_docker_index_library_adminer",
            "io_docker_index_library_adminer_linux_amd64",
            "io_docker_index_library_adminer_linux_arm_v6",
            "io_docker_index_library_adminer_linux_arm_v7",
            "io_docker_index_library_adminer_linux_arm64_v8",
            "io_docker_index_library_adminer_linux_386",
            "io_docker_index_library_adminer_linux_ppc64le",
            "io_docker_index_library_adminer_linux_riscv64",
            "io_docker_index_library_adminer_linux_s390x",
            "io_docker_index_filebrowser_filebrowser",
            "io_docker_index_filebrowser_filebrowser_linux_amd64",
            "io_docker_index_filebrowser_filebrowser_linux_arm64",
            "io_docker_index_filebrowser_filebrowser_linux_arm_v7",
            "io_quay_boleynsu_oj_c99runner",
            "io_quay_boleynsu_oj_c99runner_linux_amd64",
            "io_quay_boleynsu_oj_c99runner_linux_arm64_v8",
            "io_quay_boleynsu_rbe_fedora",
            "io_quay_boleynsu_rbe_fedora_linux_amd64",
            "io_quay_boleynsu_base",
            "io_quay_boleynsu_base_linux_amd64",
            "io_quay_boleynsu_base_linux_arm64_v8"
          ],
          "explicitRootModuleDirectDevDeps": [],
          "useAllRepos": "NO",
          "reproducible": false
        },
        "recordedRepoMappingEntries": [
          [
            "aspect_bazel_lib+",
            "bazel_tools",
            "bazel_tools"
          ],
          [
            "bazel_features+",
            "bazel_tools",
            "bazel_tools"
          ],
          [
            "rules_oci+",
            "aspect_bazel_lib",
            "aspect_bazel_lib+"
          ],
          [
            "rules_oci+",
            "bazel_features",
            "bazel_features+"
          ],
          [
            "rules_oci+",
            "bazel_skylib",
            "bazel_skylib+"
          ]
        ]
      }
    },
    "@@rules_python+//python/uv:uv.bzl%uv": {
      "general": {
        "bzlTransitiveDigest": "PmZM/pIkZKEDDL68TohlKJrWPYKL5VwUw3MA7kmm6fk=",
        "usagesDigest": "icnInV8HDGrRQf9x8RMfxWfBHgT3OgRlYovS/9POEJw=",
        "recordedFileInputs": {},
        "recordedDirentsInputs": {},
        "envVariables": {},
        "generatedRepoSpecs": {
          "uv": {
            "repoRuleId": "@@rules_python+//python/uv/private:uv_toolchains_repo.bzl%uv_toolchains_repo",
            "attributes": {
              "toolchain_type": "'@@rules_python+//python/uv:uv_toolchain_type'",
              "toolchain_names": [
                "none"
              ],
              "toolchain_implementations": {
                "none": "'@@rules_python+//python:none'"
              },
              "toolchain_compatible_with": {
                "none": [
                  "@platforms//:incompatible"
                ]
              },
              "toolchain_target_settings": {}
            }
          }
        },
        "recordedRepoMappingEntries": [
          [
            "rules_python+",
            "bazel_tools",
            "bazel_tools"
          ],
          [
            "rules_python+",
            "platforms",
            "platforms"
          ]
        ]
      }
    },
    "@@rules_rust+//crate_universe/private:internal_extensions.bzl%cu_nr": {
      "general": {
        "bzlTransitiveDigest": "OEoFDRUeiX/ebMbG1rRF3BjHm6OFcQYMuMzxZZdwfzI=",
        "usagesDigest": "lAGiU7JGcUJ6BL7JrXrtglO7l/4CfFuSP4+oWoVk9Js=",
        "recordedFileInputs": {},
        "recordedDirentsInputs": {},
        "envVariables": {},
        "generatedRepoSpecs": {
          "cargo_bazel_bootstrap": {
            "repoRuleId": "@@rules_rust+//cargo/private:cargo_bootstrap.bzl%cargo_bootstrap_repository",
            "attributes": {
              "srcs": [
                "@@rules_rust+//crate_universe:src/api.rs",
                "@@rules_rust+//crate_universe:src/api/lockfile.rs",
                "@@rules_rust+//crate_universe:src/cli.rs",
                "@@rules_rust+//crate_universe:src/cli/generate.rs",
                "@@rules_rust+//crate_universe:src/cli/query.rs",
                "@@rules_rust+//crate_universe:src/cli/render.rs",
                "@@rules_rust+//crate_universe:src/cli/splice.rs",
                "@@rules_rust+//crate_universe:src/cli/vendor.rs",
                "@@rules_rust+//crate_universe:src/config.rs",
                "@@rules_rust+//crate_universe:src/context.rs",
                "@@rules_rust+//crate_universe:src/context/crate_context.rs",
                "@@rules_rust+//crate_universe:src/context/platforms.rs",
                "@@rules_rust+//crate_universe:src/lib.rs",
                "@@rules_rust+//crate_universe:src/lockfile.rs",
                "@@rules_rust+//crate_universe:src/main.rs",
                "@@rules_rust+//crate_universe:src/metadata.rs",
                "@@rules_rust+//crate_universe:src/metadata/cargo_bin.rs",
                "@@rules_rust+//crate_universe:src/metadata/cargo_tree_resolver.rs",
                "@@rules_rust+//crate_universe:src/metadata/cargo_tree_rustc_wrapper.bat",
                "@@rules_rust+//crate_universe:src/metadata/cargo_tree_rustc_wrapper.sh",
                "@@rules_rust+//crate_universe:src/metadata/dependency.rs",
                "@@rules_rust+//crate_universe:src/metadata/metadata_annotation.rs",
                "@@rules_rust+//crate_universe:src/rendering.rs",
                "@@rules_rust+//crate_universe:src/rendering/template_engine.rs",
                "@@rules_rust+//crate_universe:src/rendering/templates/module_bzl.j2",
                "@@rules_rust+//crate_universe:src/rendering/templates/partials/header.j2",
                "@@rules_rust+//crate_universe:src/rendering/templates/partials/module/aliases_map.j2",
                "@@rules_rust+//crate_universe:src/rendering/templates/partials/module/deps_map.j2",
                "@@rules_rust+//crate_universe:src/rendering/templates/partials/module/repo_git.j2",
                "@@rules_rust+//crate_universe:src/rendering/templates/partials/module/repo_http.j2",
                "@@rules_rust+//crate_universe:src/rendering/templates/vendor_module.j2",
                "@@rules_rust+//crate_universe:src/rendering/verbatim/alias_rules.bzl",
                "@@rules_rust+//crate_universe:src/select.rs",
                "@@rules_rust+//crate_universe:src/splicing.rs",
                "@@rules_rust+//crate_universe:src/splicing/cargo_config.rs",
                "@@rules_rust+//crate_universe:src/splicing/crate_index_lookup.rs",
                "@@rules_rust+//crate_universe:src/splicing/splicer.rs",
                "@@rules_rust+//crate_universe:src/test.rs",
                "@@rules_rust+//crate_universe:src/utils.rs",
                "@@rules_rust+//crate_universe:src/utils/starlark.rs",
                "@@rules_rust+//crate_universe:src/utils/starlark/glob.rs",
                "@@rules_rust+//crate_universe:src/utils/starlark/label.rs",
                "@@rules_rust+//crate_universe:src/utils/starlark/select.rs",
                "@@rules_rust+//crate_universe:src/utils/starlark/select_dict.rs",
                "@@rules_rust+//crate_universe:src/utils/starlark/select_list.rs",
                "@@rules_rust+//crate_universe:src/utils/starlark/select_scalar.rs",
                "@@rules_rust+//crate_universe:src/utils/starlark/select_set.rs",
                "@@rules_rust+//crate_universe:src/utils/starlark/serialize.rs",
                "@@rules_rust+//crate_universe:src/utils/starlark/target_compatible_with.rs",
                "@@rules_rust+//crate_universe:src/utils/symlink.rs",
                "@@rules_rust+//crate_universe:src/utils/target_triple.rs"
              ],
              "binary": "cargo-bazel",
              "cargo_lockfile": "@@rules_rust+//crate_universe:Cargo.lock",
              "cargo_toml": "@@rules_rust+//crate_universe:Cargo.toml",
              "version": "1.86.0",
              "timeout": 900,
              "rust_toolchain_cargo_template": "@rust_host_tools//:bin/{tool}",
              "rust_toolchain_rustc_template": "@rust_host_tools//:bin/{tool}",
              "compressed_windows_toolchain_names": false
            }
          }
        },
        "moduleExtensionMetadata": {
          "explicitRootModuleDirectDeps": [
            "cargo_bazel_bootstrap"
          ],
          "explicitRootModuleDirectDevDeps": [],
          "useAllRepos": "NO",
          "reproducible": false
        },
        "recordedRepoMappingEntries": [
          [
            "bazel_features+",
            "bazel_features_globals",
            "bazel_features++version_extension+bazel_features_globals"
          ],
          [
            "bazel_features+",
            "bazel_features_version",
            "bazel_features++version_extension+bazel_features_version"
          ],
          [
            "rules_cc+",
            "bazel_tools",
            "bazel_tools"
          ],
          [
            "rules_cc+",
            "rules_cc",
            "rules_cc+"
          ],
          [
            "rules_rust+",
            "bazel_features",
            "bazel_features+"
          ],
          [
            "rules_rust+",
            "bazel_skylib",
            "bazel_skylib+"
          ],
          [
            "rules_rust+",
            "bazel_tools",
            "bazel_tools"
          ],
          [
            "rules_rust+",
            "cui",
            "rules_rust++cu+cui"
          ],
          [
            "rules_rust+",
            "rules_cc",
            "rules_cc+"
          ],
          [
            "rules_rust+",
            "rules_rust",
            "rules_rust+"
          ],
          [
            "rules_rust+",
            "rules_rust_ctve",
            "rules_rust++i2+rules_rust_ctve"
          ]
        ]
      }
    },
    "@@toolchains_llvm+//toolchain/extensions:llvm.bzl%llvm": {
      "general": {
        "bzlTransitiveDigest": "PTwbeF8xQqmjtx3TS876KgxcmuOk2HBtFj2gwBStkxA=",
        "usagesDigest": "XjFuUD4/gYFQcsgTg97VAUe7WG9itMwn5DdaYwB1u0s=",
        "recordedFileInputs": {},
        "recordedDirentsInputs": {},
        "envVariables": {},
        "generatedRepoSpecs": {
          "llvm_toolchain_linux_x86_64_llvm": {
            "repoRuleId": "@@toolchains_llvm+//toolchain:rules.bzl%llvm",
            "attributes": {
              "alternative_llvm_sources": [],
              "auth_patterns": {},
              "distribution": "auto",
              "exec_arch": "x86_64",
              "exec_os": "linux",
              "libclang_rt": {},
              "llvm_mirror": "",
              "llvm_version": "",
              "llvm_versions": {
                "linux-x86_64": "21.1.2"
              },
              "netrc": "",
              "sha256": {
                "linux-x86_64": "261c5d8751019f52de0dd457b6ecf363ae9f2630c03a14b3766f7b8dc4deeb5d"
              },
              "strip_prefix": {},
              "urls": {
                "linux-x86_64": [
                  "https://public-artifacts.storage.boleyn.su/prebuilt/clang/21.1.2-41-20250923.215201-20250924.080657/clang_linux_x86_64.tar.gz"
                ]
              }
            }
          },
          "llvm_toolchain_linux_x86_64": {
            "repoRuleId": "@@toolchains_llvm+//toolchain:rules.bzl%toolchain",
            "attributes": {
              "absolute_paths": false,
              "archive_flags": {},
              "compile_flags": {},
              "conly_flags": {},
              "coverage_compile_flags": {},
              "coverage_link_flags": {},
              "cxx_builtin_include_directories": {},
              "cxx_flags": {},
              "cxx_standard": {},
              "dbg_compile_flags": {},
              "exec_arch": "x86_64",
              "exec_os": "linux",
              "extra_exec_compatible_with": {},
              "extra_target_compatible_with": {},
              "link_flags": {},
              "link_libs": {},
              "llvm_versions": {
                "linux-x86_64": "21.1.2"
              },
              "opt_compile_flags": {},
              "opt_link_flags": {},
              "stdlib": {},
              "target_settings": {},
              "unfiltered_compile_flags": {},
              "toolchain_roots": {},
              "sysroot": {
                "linux-x86_64": "'@@sysroot_linux_x86_64+//:sysroot'"
              }
            }
          }
        },
        "recordedRepoMappingEntries": [
          [
            "",
            "sysroot_linux_x86_64",
            "sysroot_linux_x86_64+"
          ],
          [
            "toolchains_llvm+",
            "bazel_skylib",
            "bazel_skylib+"
          ],
          [
            "toolchains_llvm+",
            "bazel_tools",
            "bazel_tools"
          ],
          [
            "toolchains_llvm+",
            "toolchains_llvm",
            "toolchains_llvm+"
          ]
        ]
      }
    }
  }
}
